# CSL Conformance Test Lockfile
# Auto-generated - do not edit manually
# To update: UPDATE_CSL_LOCKFILE=1 cargo nextest run -p quarto-citeproc csl_validate_manifest
#
# Suite total: 858
# Enabled: 650
# Disabled: 208
#
[enabled]
affix_commaafterquote
affix_interveningempty
affix_movingpunctuation
affix_prefixfullcitationtextonly
affix_prefixwithdecorations
affix_spacewithquotes
affix_textnodewithmacro
affix_wordprocessoraffixnospace
bugreports_abnt
bugreports_apostropheonparticle
bugreports_arabiclocale
bugreports_authorposition
bugreports_authoryear
bugreports_badcitationupdate
bugreports_capsafteronewordprefix
bugreports_chinesecharactersfamilyonlyplurallabel
bugreports_collapsefailure
bugreports_containertitleshort
bugreports_contentpunctuationduplicate1
bugreports_contextualpluralwithmainitemfields
bugreports_delimiteronlayout
bugreports_demopagefullcitecruftonsubsequent
bugreports_disambighang
bugreports_disambiguate
bugreports_disambiguationaddnames
bugreports_disambiguationaddnamesbibliography
bugreports_droppinggroupdelimiterspace
bugreports_duplicateterminalpunctuationinbibliography
bugreports_effingbug
bugreports_emptyifmatchnonefail
bugreports_fourandfour
bugreports_greekstyleproblems
bugreports_greekstyletwoeditors
bugreports_labelsoutofplace
bugreports_matchedauthoranddate
bugreports_noeventinnestedmacrowitholdprocessor
bugreports_numberinmacrowithverticalalign
bugreports_parsename
bugreports_processorhang1
bugreports_sectionandlocator
bugreports_selflink
bugreports_simplebib
bugreports_singlequotexml
bugreports_singletonifmatchnonefail
bugreports_sortsecondarykey
bugreports_sortsecondarykeybibliography
bugreports_styleerror001
bugreports_titlecase
bugreports_undefinedbeforeval
bugreports_undefinedcrash
bugreports_undefinedinname
bugreports_undefinedinname2
bugreports_undefinedinname3
bugreports_undefinednotstring
bugreports_undefinedstr
bugreports_unisaharvardinitialization
bugreports_yearsuffixinharvard1
bugreports_yearsuffixlingers
collapse_authorcollapse
collapse_authorcollapsedifferentauthorsonewithetal
collapse_authorcollapsenodate
collapse_citationnumberrangesmixed
collapse_citationnumberrangesmixed2
collapse_citationnumberrangesmixed3
collapse_citationnumberrangesoneonly
collapse_citationnumberrangeswithaffixes
collapse_citationnumberrangeswithaffixesgrouped
collapse_citationnumberrangeswithaffixesnocollapse
collapse_numericduplicate
collapse_numericduplicate2
condition_emptydate
condition_emptyisnumericfalse
condition_emptyisuncertaindatefalse
condition_emptyshorttitlefalse
condition_firstnullany
condition_locatorisfalse
condition_matchall
condition_nameandtextvars
condition_numberisnumeric
condition_numeralisnumeric
condition_reftypebranching
condition_singletonifmatchnone
condition_textisnotnumeric
condition_variableall
condition_variableany
condition_variablenone
date_accessed
date_accessedcrash
date_datead
date_datebc
date_datenodatewithtest
date_dayordinaldayoneonly
date_disappearingbug
date_emptystrings
date_ignorenonexistentsort
date_inpress
date_january
date_keyvariable
date_literalfailgracefullyifnovalue
date_localizeddateformats-af-za
date_localizeddateformats-ar-ar
date_localizeddateformats-bg-bg
date_localizeddateformats-ca-ad
date_localizeddateformats-cs-cz
date_localizeddateformats-da-dk
date_localizeddateformats-de-at
date_localizeddateformats-de-ch
date_localizeddateformats-de-de
date_localizeddateformats-el-gr
date_localizeddateformats-en-us
date_localizeddateformats-es-es
date_localizeddateformats-et-ee
date_localizeddateformats-fr-fr
date_localizeddateformats-he-il
date_localizeddateformats-hu-hu
date_localizeddateformats-is-is
date_localizeddateformats-it-it
date_localizeddateformats-ja-jp
date_localizeddateformats-kh-kh
date_localizeddateformats-ko-kr
date_localizeddateformats-mn-mn
date_localizeddateformats-nb-no
date_localizeddateformats-nl-nl
date_localizeddateformats-pl-pl
date_localizeddateformats-pt-br
date_localizeddateformats-pt-pt
date_localizeddateformats-ro-ro
date_localizeddateformats-ru-ru
date_localizeddateformats-sk-sk
date_localizeddateformats-sl-sl
date_localizeddateformats-sr-rs
date_localizeddateformats-sv-se
date_localizeddateformats-th-th
date_localizeddateformats-tr-tr
date_localizeddateformats-uk-ua
date_localizeddateformats-vi-vn
date_localizeddateformats-zh-cn
date_localizeddateformats-zh-tw
date_localizednumericdefault
date_localizednumericdefaultmissingday
date_localizednumericdefaultwithaffixes
date_localizednumericyear
date_localizednumericyearmonth
date_localizednumericyearrange
date_localizednumericyearwithaffixes
date_localizedtextdefault
date_localizedtextdefaultmissingday
date_localizedtextdefaultwithaffixes
date_localizedtextyear
date_localizedtextyearmonth
date_localizedtextyearwithaffixes
date_longmonth
date_masknonexistentwithcondition
date_negativedatesort
date_negativedatesortviamacro
date_negativedatesortviamacroonyearmonthonly
date_nodate
date_otheralone
date_otherwithdate
date_rangedelimiter
date_seasonrange1
date_seasonrange2
date_seasonrange3
date_seasonsubstituteingroup
date_string
date_textformfulldatedayrange
date_textformfulldatemonthrange
date_textformfulldateyearrange
date_textformmonthdatemonthrange
date_textformmonthdateyearrange
date_textformyeardateyearrange
date_textformyeardateyearrangeopen
date_uncertain
date_yearsuffiximplicitwithnodate
date_yearsuffiximplicitwithnodateoneonly
date_yearsuffixwithnodate
decorations_andtermunaffectedbynamedecorations
decorations_simpleflipflop
decorations_simplequotes
disambiguate_addnamesfailure
disambiguate_addnamesfailurewithaddgivenname
disambiguate_addnamessuccess
disambiguate_allnamesbasenamecountonfailureifyearsuffixavailable
disambiguate_allnamesgenerally
disambiguate_allnamessimplesequence
disambiguate_allnameswithinitialsbibliography
disambiguate_allnameswithinitialsgenerally
disambiguate_andreaeg1a
disambiguate_andreaeg1b
disambiguate_andreaeg1c
disambiguate_andreaeg2
disambiguate_andreaeg3
disambiguate_andreaeg4
disambiguate_andreaeg5
disambiguate_bycitebasenamecountonfailureifyearsuffixavailable
disambiguate_bycitedisambiguatecondition
disambiguate_bycitegivennameexpandcrossnestednames
disambiguate_bycitegivennamenoshortforminitializewith
disambiguate_bycitegivennameshortforminitializewith
disambiguate_bycitegivennameshortformnoinitializewith
disambiguate_byciteincremental1
disambiguate_byciteisdefault
disambiguate_byciteminimalgivennameexpandminimalnames
disambiguate_byciteretainnamesonfailureifyearsuffixnotavailable
disambiguate_bycitetwoauthorssamecite
disambiguate_bycitetwoauthorssamefamilyname
disambiguate_citationlabeldefault
disambiguate_citationlabelindata
disambiguate_differentspacingininitials
disambiguate_disambiguatetrueandyearsuffixone
disambiguate_disambiguatetruereflectedinbibliography
disambiguate_disambiguatewiththree
disambiguate_disambiguatewiththree2
disambiguate_extratextcitation
disambiguate_failwithyearsuffix
disambiguate_familynameonly
disambiguate_honorfullnameinbibliography
disambiguate_implicityearsuffixonceonly
disambiguate_lastonlyfailwithbycite
disambiguate_notextelementusesyearsuffixvariable
disambiguate_primarynamegenerally
disambiguate_primarynamewithinitialslimitedtoprimary
disambiguate_primarynamewithnondroppingparticle
disambiguate_primarynamewithparticle
disambiguate_setsofnames
disambiguate_skipaccessedyearsuffix
disambiguate_threenoauthornotitleentries
disambiguate_toinitialonly
disambiguate_trigraph
disambiguate_yearsuffixandsort
disambiguate_yearsuffixfiftytwoentries
disambiguate_yearsuffixfiftytwoentriesbycite
disambiguate_yearsuffixmacrosameyearexplicit
disambiguate_yearsuffixmacrosameyearimplicit
disambiguate_yearsuffixmidinsert
disambiguate_yearsuffixtwopairsbibliography
disambiguate_yearsuffixtwopairsfirstnamebibliography
disambiguate_yearsuffixtwopairsfullnamesbibliography
disambiguate_yearsuffixwithmixedcreatortypes
display_displayblock
display_lostsuffix
display_secondfieldalignclone
etal_citationandbibliographydecorationsinbibliography
etal_citationandbibliographydecorationsincitation
etal_shortformofname
etal_usezerofirst
flipflop_apostrophes
flipflop_boldfacenodelevelmarkup
flipflop_completeciteinprefix
flipflop_italicsflipped
flipflop_italicssimple
flipflop_leadingmarkupwithapostrophe
flipflop_leadingsinglequote
flipflop_longcomplexprefix
flipflop_numericfield
flipflop_singlequotesonitalics
flipflop_smallcaps
flipflop_startingapostrophe
form_titleshort
form_titleshortnolong
form_titletestnolongfalse
fullstyles_apa
fullstyles_chicagoarticletitlequestion
fullstyles_chicagonotewithbibliographywithpublisher
group_complexnesting
group_legalwithauthordate
group_shortoutputonly
group_suppressterminmacro
group_suppresswithemptynesteddatenode
integration_citationsort
integration_citationsorttwice
integration_ibidwithdifferentlocators
integration_subsequentwheninterveningfootnote
label_compactnamesafterfullnames
label_editortranslator2
label_emptylabelvanish
label_emptylabelvanishpage
label_implicitform
label_missingreturnsempty
label_nofirstcharcapwithintextclass
label_nonexistentnamevariablelabel
label_pluralnumberofvolumes
label_pluralpageswithalphaprefix
label_pluralwithampersand
label_pluralwithand
label_pluralwithcommaand
label_pluralwithcommalocalizedand
label_pluralwithlocalizedampersand
label_pluralwithlocalizedand
locale_emptydate
locale_emptyplusoverridestyleopt
locale_emptyplusoverrideterm
locale_emptystyleopt
locale_emptyterm
locale_pagerangedelimitertermfrenchundef
locale_pagerangedelimitertermundefined
locale_specificdate
locale_specificstyleopt
locale_specificterm
locale_titlecaseemptylangemptylocale
locale_titlecasegarbagelangemptylocale
locale_titlecasegarbagelangenglishlocale
locale_titlecasegarbagelangnonenglishlocale
locale_titlecasenonenglishlangupperemptylocale
locale_unknownterm
locator_singularembeddedlabelafterplural
locator_termselection
locator_workaroundtestforsubverbo
magic_allowrepeatdaterenderings
magic_capitalizefirstoccurringnameparticle
magic_citationlabelinbibliography
magic_citationlabelincitation
magic_entryspacingdouble
magic_hangingindent
magic_linespacingdouble
magic_linespacingtriplestretch
magic_nameparticle
magic_numberrangeenglish
magic_numberrangefrench
magic_punctuationinquotedefaultenglishdelimiter
magic_punctuationinquotedelimitertrue
magic_punctuationinquotefalse
magic_punctuationinquotefalsesuppressextra
magic_punctuationinquotetruesuppressextra
magic_secondfieldalign
magic_stripperiodsexcludeaffixes
magic_stripperiodstrueshortform
magic_suppresslayoutdelimiterifprefixcomma
magic_termcapitalizationwithprefix
magic_textrangeenglish
magic_textrangefrench
name_afterinvertedname
name_allcapsinitialsuntouched
name_andtextdelimiterprecedeslastalways
name_apostropheingivenname
name_arabicshortforms
name_articularnameassortorder
name_articularplain
name_articularshortform
name_articularshortformcommasuffix
name_articularwithcomma
name_articularwithcommanameassortorder
name_asianglyphs
name_authorcount
name_authorcountwithmultiplevariables
name_authorcountwithsamevarcontentandcombinedtermfail
name_authorcountwithsamevarcontentandcombinedtermsucceed
name_authoreditorcount
name_bibliographynameformnevershrinks
name_celticclanname
name_celtsandtoffscrowdedinitials
name_celtsandtoffsnohyphens
name_celtsandtoffsspacedinitials
name_celtsandtoffswithhyphens
name_citegroupdelimiterwithyearcollapse
name_delimiter
name_delimiterafterinverted
name_editortranslatorboth
name_editortranslatorsameemptyterm
name_editortranslatorwithtranslatoronlybib
name_etalkanji
name_etaluselast
name_firstinitialfullform
name_formattingofparticles
name_greeksimple
name_hierarchicaldelimiter
name_hyphenatedfirstname
name_hyphenatednondroppingparticle1
name_hyphenatednondroppingparticle2
name_inheritattributesetalstyle
name_initialsinitializefalse
name_initialsinitializefalseempty
name_initialsinitializefalseperiod
name_initialsinitializefalseperiodspace
name_initialsinitializetrue
name_initialsinitializetrueempty
name_initialsinitializetrueperiod
name_initialsinitializetrueperiodspace
name_institution
name_institutiondecoration
name_labelafterplural
name_labelafterpluraldecorations
name_labelformatbug
name_literalwithcomma
name_longabbreviation
name_lowercasesurnamesuffix
name_multipleliteral
name_namepartaffixes
name_namepartaffixesnameassortorder
name_namepartaffixesnameassortorderdemotenondroppingparticle
name_nonamenode
name_nondroppingparticledefault
name_onlyfamilyname
name_onlygivenname
name_overridinghierarchicaldelimiter
name_parsedcommadelimiteddroppingparticlesortorderingwithoutaffixes
name_parseddroppingparticlewithaffixes
name_parseddroppingparticlewithapostrophe
name_parsednondroppingparticlewithaffixes
name_parsednondroppingparticlewithapostrophe
name_parseduppercasenondroppingparticle
name_parsenames
name_particlecaps1
name_particlecaps2
name_particlecaps3
name_particleformatting
name_particleparse1
name_particlesdemotenondroppingnever
name_periodafterinitials
name_quashordinaryvariablerenderedviasubstitute
name_romaniantwo
name_semicolonwithand
name_splitinitials
name_substituteinheritlabel
name_substitutemacroinheritdecorations
name_substitutename
name_substituteondategroupspanfail
name_substituteongroupspangroupspanfail
name_substituteonmacrogroupspanfail
name_substituteonnamessingletongroupspanfail
name_substituteonnamesspangroupspanfail
name_substituteonnamesspannamesspanfail
name_substituteonnumbergroupspanfail
name_tworolessamerenderingseparaterolelabels
name_westernarticularlowercase
name_westernprimaryfontstyle
name_westernprimaryfontstyletwoauthors
name_westernsimple
name_westerntwoauthors
name_withnonbreakingspace
nameattr_andonbibliographyinbibliography
nameattr_andonbibliographyincitation
nameattr_andoncitationinbibliography
nameattr_andoncitationincitation
nameattr_andonnamesinbibliography
nameattr_andonnamesincitation
nameattr_andonstyleinbibliography
nameattr_andonstyleincitation
nameattr_delimiterprecedesetalonbibliographyinbibliography
nameattr_delimiterprecedesetalonbibliographyincitation
nameattr_delimiterprecedesetaloncitationinbibliography
nameattr_delimiterprecedesetaloncitationincitation
nameattr_delimiterprecedesetalonnamesinbibliography
nameattr_delimiterprecedesetalonnamesincitation
nameattr_delimiterprecedesetalonstyleinbibliography
nameattr_delimiterprecedesetalonstyleincitation
nameattr_delimiterprecedeslastonbibliographyinbibliography
nameattr_delimiterprecedeslastonbibliographyincitation
nameattr_delimiterprecedeslastoncitationinbibliography
nameattr_delimiterprecedeslastoncitationincitation
nameattr_delimiterprecedeslastonnamesinbibliography
nameattr_delimiterprecedeslastonnamesincitation
nameattr_delimiterprecedeslastonstyleinbibliography
nameattr_delimiterprecedeslastonstyleincitation
nameattr_etalminonbibliographyinbibliography
nameattr_etalminonbibliographyincitation
nameattr_etalminoncitationinbibliography
nameattr_etalminoncitationincitation
nameattr_etalminonnamesinbibliography
nameattr_etalminonnamesincitation
nameattr_etalminonstyleinbibliography
nameattr_etalminonstyleincitation
nameattr_etalsubsequentminonbibliographyinbibliography
nameattr_etalsubsequentminonbibliographyincitation
nameattr_etalsubsequentminoncitationinbibliography
nameattr_etalsubsequentminonnamesinbibliography
nameattr_etalsubsequentminonstyleinbibliography
nameattr_etalsubsequentusefirstonbibliographyinbibliography
nameattr_etalsubsequentusefirstonbibliographyincitation
nameattr_etalsubsequentusefirstoncitationinbibliography
nameattr_etalsubsequentusefirstonstyleinbibliography
nameattr_etalusefirstonbibliographyinbibliography
nameattr_etalusefirstonbibliographyincitation
nameattr_etalusefirstoncitationinbibliography
nameattr_etalusefirstoncitationincitation
nameattr_etalusefirstonnamesinbibliography
nameattr_etalusefirstonnamesincitation
nameattr_etalusefirstonstyleinbibliography
nameattr_etalusefirstonstyleincitation
nameattr_initializewithonbibliographyinbibliography
nameattr_initializewithonbibliographyincitation
nameattr_initializewithoncitationinbibliography
nameattr_initializewithoncitationincitation
nameattr_initializewithonnamesinbibliography
nameattr_initializewithonnamesincitation
nameattr_initializewithonstyleinbibliography
nameattr_initializewithonstyleincitation
nameattr_nameassortorderonbibliographyinbibliography
nameattr_nameassortorderonbibliographyincitation
nameattr_nameassortorderoncitationinbibliography
nameattr_nameassortorderoncitationincitation
nameattr_nameassortorderonnamesinbibliography
nameattr_nameassortorderonnamesincitation
nameattr_nameassortorderonstyleinbibliography
nameattr_nameassortorderonstyleincitation
nameattr_namedelimiteronbibliographyinbibliography
nameattr_namedelimiteronbibliographyincitation
nameattr_namedelimiteroncitationinbibliography
nameattr_namedelimiteroncitationincitation
nameattr_namedelimiteronnamesinbibliography
nameattr_namedelimiteronnamesincitation
nameattr_namedelimiteronstyleinbibliography
nameattr_namedelimiteronstyleincitation
nameattr_nameformonbibliographyinbibliography
nameattr_nameformonbibliographyincitation
nameattr_nameformoncitationinbibliography
nameattr_nameformoncitationincitation
nameattr_nameformonnamesinbibliography
nameattr_nameformonnamesincitation
nameattr_nameformonstyleinbibliography
nameattr_nameformonstyleincitation
nameattr_namesdelimiteronbibliographyincitation
nameattr_namesdelimiteroncitationinbibliography
nameattr_namesdelimiteronnamesinbibliography
nameattr_namesdelimiteronnamesincitation
nameattr_sortseparatoronbibliographyinbibliography
nameattr_sortseparatoronbibliographyincitation
nameattr_sortseparatoroncitationinbibliography
nameattr_sortseparatoroncitationincitation
nameattr_sortseparatoronnamesinbibliography
nameattr_sortseparatoronnamesincitation
nameattr_sortseparatoronstyleinbibliography
nameattr_sortseparatoronstyleincitation
nameorder_long
nameorder_longnameassortdemotedisplayandsort
nameorder_longnameassortdemotenever
nameorder_short
nameorder_shortdemotedisplayandsort
nameorder_shortnameassortdemotenever
namespaces_nonnada3
number_failingdelimiters
number_isnumericwithalpha
number_leadingzeros
number_mixedtext
number_pagefirst
number_pagerange
number_simplenumberarabic
number_simplenumberordinallong
number_simplenumberordinalshort
number_simplenumberroman
number_spacesmakeisnumericfalse
number_strangeerror
page_nooption
page_numberpagefirst
page_pluraldetectwithendash
plural_labelforced
plural_namelabelalways
plural_namelabelcontextualplural
plural_namelabelcontextualsingular
plural_namelabeldefaultplural
plural_namelabeldefaultsingular
plural_namelabelnever
position_falseinbibliography
position_firsttrueonlyonce
position_ibidintext
position_ibidwithlocator
position_ibidwithprefixfullstop
position_ibidwithsuffix
position_ifibidistruethensubsequentistrue
position_ifibidwithlocatoristruethenibidistrue
position_nearnotefalse
position_nearnotesamenote
position_nearnoteunsupported
position_nearnotewithplugin
position_trueincitation
punctuation_datestripperiods
punctuation_delimiterwithstripperiodsandsubstitute1
punctuation_delimiterwithstripperiodsandsubstitute2
punctuation_delimiterwithstripperiodsandsubstitute3
punctuation_donotsuppresscolonafterperiod
punctuation_fieldduplicates
punctuation_fullmontyfield
punctuation_fullmontyplain
punctuation_nosuppressofperiodbeforesemicolon
punctuation_semicolondelimiter
quotes_punctuation
quotes_punctuationnasty
sort_bibliographycitationnumberdescending
sort_bibliographycitationnumberdescendingsecondary
sort_bibliographyresortonupdate
sort_caseinsensitivebibliography
sort_caseinsensitivecitation
sort_changeinnamesort
sort_citation
sort_citationnumberprimaryascendingviamacrobibliography
sort_citationnumberprimaryascendingviamacrocitation
sort_citationnumberprimaryascendingviavariablebibliography
sort_citationnumberprimaryascendingviavariablecitation
sort_citationnumberprimarydescendingviamacrobibliography
sort_citationnumberprimarydescendingviamacrocitation
sort_citationnumberprimarydescendingviavariablebibliography
sort_citationnumberprimarydescendingviavariablecitation
sort_citationnumbersecondaryascendingviavariablebibliography
sort_citationsecondarykey
sort_conditionalmacrodates
sort_daledalebout
sort_datevariable
sort_datevariablemixedelementsascendinga
sort_datevariablemixedelementsascendingb
sort_datevariablemixedelementsdescendinga
sort_datevariablemixedelementsdescendingb
sort_etaluselast
sort_familyonly
sort_latinunicode
sort_localizeddatelimitedparts
sort_nameimplicitsortorderandform
sort_nameparticleinnamesortfalse
sort_namevariable
sort_statusfielddescending
sort_stripmarkup
sort_substitutetitle
sort_testinheritance
sortseparator_sortseparatorempty
substitute_repeatednamesok
substitute_substituteonlyoncestring
substitute_substituteonlyonceterm
substitute_substituteonlyoncevariable
textcase_afterquote
textcase_capitalizeall
textcase_capitalizefirst
textcase_capitalizefirstwithdecor
textcase_capitalsuntouched
textcase_implicitnocase
textcase_inquotes
textcase_lastchar
textcase_lowercase
textcase_nospacebeforeapostrophe
textcase_repeatedtitlebug
textcase_sentencecapitalization
textcase_skipnameparticlesintitlecase
textcase_stopwordbeforehyphen
textcase_titlecapitalization
textcase_titlecapitalization2
textcase_titlecasenonenglish
textcase_titlecasenonenglish2
textcase_titlecasewithcleverbrandname
textcase_titlecasewithfinalnocase
textcase_titlecasewithhyphens
textcase_titlecasewithinitials
textcase_titlecasewithnonbreakspace
textcase_titlecasewithvolumetitle
textcase_titlewithcircumflex
textcase_titlewithemdash
textcase_titlewithendash
textcase_uppercase
textcase_uppercasenumber
unicode_nonbreakingspace
variables_titleshortonshorttitlenotitle
variables_titleshortonshorttitlenotitlegroup
virtual_pagefirst
